
Microsoft Visual Studio Solution File, Format Version 12.00
Project("{FAE04EC0-301F-11D3-BF4B-00C04F79EFBC}") = "proyectoFeliz", "proyectoFeliz\proyectoFeliz.csproj", "{8CA2E0F0-0CB8-44FA-839C-AC2DF9FB404B}"
EndProject
Project("{FAE04EC0-301F-11D3-BF4B-00C04F79EFBC}") = "proe", "proe\proe.csproj", "{EB33136C-1294-4234-85FE-4177E0FADAE6}"
EndProject
Project("{2150E333-8FDC-42A3-9474-1A3956D46DE8}") = "EjerciciosInicio", "EjerciciosInicio", "{5D52F14D-9247-4236-83D0-6D08602C4648}"
EndProject
Global
	GlobalSection(SolutionConfigurationPlatforms) = preSolution
		Debug|Any CPU = Debug|Any CPU
		Release|Any CPU = Release|Any CPU
	EndGlobalSection
	GlobalSection(ProjectConfigurationPlatforms) = postSolution
		{8CA2E0F0-0CB8-44FA-839C-AC2DF9FB404B}.Debug|Any CPU.ActiveCfg = Debug|Any CPU
		{8CA2E0F0-0CB8-44FA-839C-AC2DF9FB404B}.Debug|Any CPU.Build.0 = Debug|Any CPU
		{8CA2E0F0-0CB8-44FA-839C-AC2DF9FB404B}.Release|Any CPU.ActiveCfg = Release|Any CPU
		{8CA2E0F0-0CB8-44FA-839C-AC2DF9FB404B}.Release|Any CPU.Build.0 = Release|Any CPU
		{EB33136C-1294-4234-85FE-4177E0FADAE6}.Debug|Any CPU.ActiveCfg = Debug|Any CPU
		{EB33136C-1294-4234-85FE-4177E0FADAE6}.Debug|Any CPU.Build.0 = Debug|Any CPU
		{EB33136C-1294-4234-85FE-4177E0FADAE6}.Release|Any CPU.ActiveCfg = Release|Any CPU
		{EB33136C-1294-4234-85FE-4177E0FADAE6}.Release|Any CPU.Build.0 = Release|Any CPU
	EndGlobalSection
	GlobalSection(NestedProjects) = preSolution
	EndGlobalSection
EndGlobal
